
Microsoft Visual Studio Solution File, Format Version 12.00
# Visual Studio Version 16
VisualStudioVersion = 16.0.29920.165
MinimumVisualStudioVersion = 10.0.40219.1
Project("{2150E333-8FDC-42A3-9474-1A3956D46DE8}") = "src", "src", "{1AB6B938-E552-4563-A4B3-4D3D96C6227C}"
EndProject
Project("{2150E333-8FDC-42A3-9474-1A3956D46DE8}") = "test", "test", "{FD23D157-012E-4C34-87E7-68CFA09B8197}"
EndProject
Project("{FAE04EC0-301F-11D3-BF4B-00C04F79EFBC}") = "Template.API", "src\Template.API\Template.API.csproj", "{EE5A3269-7747-4A80-ACED-6494327F2CB3}"
EndProject
Project("{FAE04EC0-301F-11D3-BF4B-00C04F79EFBC}") = "Template.Data", "src\Template.Data\Template.Data.csproj", "{B806A73A-0472-4725-ABD3-D31C26B9170D}"
EndProject
Project("{FAE04EC0-301F-11D3-BF4B-00C04F79EFBC}") = "Template.Business", "src\Template.Business\Template.Business.csproj", "{335D67C0-23EC-4736-9E81-49A3AECC7710}"
EndProject
Global
	GlobalSection(SolutionConfigurationPlatforms) = preSolution
		Debug|Any CPU = Debug|Any CPU
		Release|Any CPU = Release|Any CPU
	EndGlobalSection
	GlobalSection(ProjectConfigurationPlatforms) = postSolution
		{EE5A3269-7747-4A80-ACED-6494327F2CB3}.Debug|Any CPU.ActiveCfg = Debug|Any CPU
		{EE5A3269-7747-4A80-ACED-6494327F2CB3}.Debug|Any CPU.Build.0 = Debug|Any CPU
		{EE5A3269-7747-4A80-ACED-6494327F2CB3}.Release|Any CPU.ActiveCfg = Release|Any CPU
		{EE5A3269-7747-4A80-ACED-6494327F2CB3}.Release|Any CPU.Build.0 = Release|Any CPU
		{B806A73A-0472-4725-ABD3-D31C26B9170D}.Debug|Any CPU.ActiveCfg = Debug|Any CPU
		{B806A73A-0472-4725-ABD3-D31C26B9170D}.Debug|Any CPU.Build.0 = Debug|Any CPU
		{B806A73A-0472-4725-ABD3-D31C26B9170D}.Release|Any CPU.ActiveCfg = Release|Any CPU
		{B806A73A-0472-4725-ABD3-D31C26B9170D}.Release|Any CPU.Build.0 = Release|Any CPU
		{335D67C0-23EC-4736-9E81-49A3AECC7710}.Debug|Any CPU.ActiveCfg = Debug|Any CPU
		{335D67C0-23EC-4736-9E81-49A3AECC7710}.Debug|Any CPU.Build.0 = Debug|Any CPU
		{335D67C0-23EC-4736-9E81-49A3AECC7710}.Release|Any CPU.ActiveCfg = Release|Any CPU
		{335D67C0-23EC-4736-9E81-49A3AECC7710}.Release|Any CPU.Build.0 = Release|Any CPU
	EndGlobalSection
	GlobalSection(SolutionProperties) = preSolution
		HideSolutionNode = FALSE
	EndGlobalSection
	GlobalSection(NestedProjects) = preSolution
		{EE5A3269-7747-4A80-ACED-6494327F2CB3} = {1AB6B938-E552-4563-A4B3-4D3D96C6227C}
		{B806A73A-0472-4725-ABD3-D31C26B9170D} = {1AB6B938-E552-4563-A4B3-4D3D96C6227C}
		{335D67C0-23EC-4736-9E81-49A3AECC7710} = {1AB6B938-E552-4563-A4B3-4D3D96C6227C}
	EndGlobalSection
	GlobalSection(ExtensibilityGlobals) = postSolution
		SolutionGuid = {F772B596-D014-4EF8-8280-254DA9FB52D1}
	EndGlobalSection
EndGlobal
